
Microsoft Visual Studio Solution File, Format Version 12.00
# Visual Studio Version 16
VisualStudioVersion = 25.0.1706.7
MinimumVisualStudioVersion = 10.0.40219.1
Project("{FAE04EC0-301F-11D3-BF4B-00C04F79EFBC}") = "JokesWebApp", "JokesWebApp\JokesWebApp.csproj", "{DF92EB8F-94B0-4F75-B525-22D5EFA75192}"
EndProject
Global
	GlobalSection(SolutionConfigurationPlatforms) = preSolution
		Debug|Any CPU = Debug|Any CPU
		Release|Any CPU = Release|Any CPU
	EndGlobalSection
	GlobalSection(ProjectConfigurationPlatforms) = postSolution
		{DF92EB8F-94B0-4F75-B525-22D5EFA75192}.Debug|Any CPU.ActiveCfg = Debug|Any CPU
		{DF92EB8F-94B0-4F75-B525-22D5EFA75192}.Debug|Any CPU.Build.0 = Debug|Any CPU
		{DF92EB8F-94B0-4F75-B525-22D5EFA75192}.Release|Any CPU.ActiveCfg = Release|Any CPU
		{DF92EB8F-94B0-4F75-B525-22D5EFA75192}.Release|Any CPU.Build.0 = Release|Any CPU
	EndGlobalSection
	GlobalSection(SolutionProperties) = preSolution
		HideSolutionNode = FALSE
	EndGlobalSection
	GlobalSection(ExtensibilityGlobals) = postSolution
		SolutionGuid = {47BCCA1F-334B-423B-9402-B329FE117596}
	EndGlobalSection
EndGlobal
